
Microsoft Visual Studio Solution File, Format Version 12.00
# Visual Studio Version 17
VisualStudioVersion = 17.0.32126.317
MinimumVisualStudioVersion = 10.0.40219.1
Project("{8BC9CEB8-8B4A-11D0-8D11-00A0C91BC942}") = "Упражнение_4", "Упражнение_4.vcxproj", "{D24DCB26-EA32-4647-A64B-28CABF22879D}"
EndProject
Global
	GlobalSection(SolutionConfigurationPlatforms) = preSolution
		Debug|x64 = Debug|x64
		Debug|x86 = Debug|x86
		Release|x64 = Release|x64
		Release|x86 = Release|x86
	EndGlobalSection
	GlobalSection(ProjectConfigurationPlatforms) = postSolution
		{D24DCB26-EA32-4647-A64B-28CABF22879D}.Debug|x64.ActiveCfg = Debug|x64
		{D24DCB26-EA32-4647-A64B-28CABF22879D}.Debug|x64.Build.0 = Debug|x64
		{D24DCB26-EA32-4647-A64B-28CABF22879D}.Debug|x86.ActiveCfg = Debug|Win32
		{D24DCB26-EA32-4647-A64B-28CABF22879D}.Debug|x86.Build.0 = Debug|Win32
		{D24DCB26-EA32-4647-A64B-28CABF22879D}.Release|x64.ActiveCfg = Release|x64
		{D24DCB26-EA32-4647-A64B-28CABF22879D}.Release|x64.Build.0 = Release|x64
		{D24DCB26-EA32-4647-A64B-28CABF22879D}.Release|x86.ActiveCfg = Release|Win32
		{D24DCB26-EA32-4647-A64B-28CABF22879D}.Release|x86.Build.0 = Release|Win32
	EndGlobalSection
	GlobalSection(SolutionProperties) = preSolution
		HideSolutionNode = FALSE
	EndGlobalSection
	GlobalSection(ExtensibilityGlobals) = postSolution
		SolutionGuid = {113DD92C-C5F0-40CD-95E9-0F5D157AE2C7}
	EndGlobalSection
EndGlobal
