
Microsoft Visual Studio Solution File, Format Version 12.00
# Visual Studio Version 17
VisualStudioVersion = 17.0.32126.317
MinimumVisualStudioVersion = 10.0.40219.1
Project("{8BC9CEB8-8B4A-11D0-8D11-00A0C91BC942}") = "Упражнение_5", "Упражнение_5.vcxproj", "{B7FB376B-FAF7-4884-A777-1FBA40356FDB}"
EndProject
Global
	GlobalSection(SolutionConfigurationPlatforms) = preSolution
		Debug|x64 = Debug|x64
		Debug|x86 = Debug|x86
		Release|x64 = Release|x64
		Release|x86 = Release|x86
	EndGlobalSection
	GlobalSection(ProjectConfigurationPlatforms) = postSolution
		{B7FB376B-FAF7-4884-A777-1FBA40356FDB}.Debug|x64.ActiveCfg = Debug|x64
		{B7FB376B-FAF7-4884-A777-1FBA40356FDB}.Debug|x64.Build.0 = Debug|x64
		{B7FB376B-FAF7-4884-A777-1FBA40356FDB}.Debug|x86.ActiveCfg = Debug|Win32
		{B7FB376B-FAF7-4884-A777-1FBA40356FDB}.Debug|x86.Build.0 = Debug|Win32
		{B7FB376B-FAF7-4884-A777-1FBA40356FDB}.Release|x64.ActiveCfg = Release|x64
		{B7FB376B-FAF7-4884-A777-1FBA40356FDB}.Release|x64.Build.0 = Release|x64
		{B7FB376B-FAF7-4884-A777-1FBA40356FDB}.Release|x86.ActiveCfg = Release|Win32
		{B7FB376B-FAF7-4884-A777-1FBA40356FDB}.Release|x86.Build.0 = Release|Win32
	EndGlobalSection
	GlobalSection(SolutionProperties) = preSolution
		HideSolutionNode = FALSE
	EndGlobalSection
	GlobalSection(ExtensibilityGlobals) = postSolution
		SolutionGuid = {303E5BF9-3F85-49B9-9518-D9EBC94B4989}
	EndGlobalSection
EndGlobal
