
Microsoft Visual Studio Solution File, Format Version 12.00
# Visual Studio Version 17
VisualStudioVersion = 17.0.32126.317
MinimumVisualStudioVersion = 10.0.40219.1
Project("{8BC9CEB8-8B4A-11D0-8D11-00A0C91BC942}") = "Упражнение_7", "Упражнение_7.vcxproj", "{55C8A7CE-702C-4E5D-A74F-C167441F767B}"
EndProject
Global
	GlobalSection(SolutionConfigurationPlatforms) = preSolution
		Debug|x64 = Debug|x64
		Debug|x86 = Debug|x86
		Release|x64 = Release|x64
		Release|x86 = Release|x86
	EndGlobalSection
	GlobalSection(ProjectConfigurationPlatforms) = postSolution
		{55C8A7CE-702C-4E5D-A74F-C167441F767B}.Debug|x64.ActiveCfg = Debug|x64
		{55C8A7CE-702C-4E5D-A74F-C167441F767B}.Debug|x64.Build.0 = Debug|x64
		{55C8A7CE-702C-4E5D-A74F-C167441F767B}.Debug|x86.ActiveCfg = Debug|Win32
		{55C8A7CE-702C-4E5D-A74F-C167441F767B}.Debug|x86.Build.0 = Debug|Win32
		{55C8A7CE-702C-4E5D-A74F-C167441F767B}.Release|x64.ActiveCfg = Release|x64
		{55C8A7CE-702C-4E5D-A74F-C167441F767B}.Release|x64.Build.0 = Release|x64
		{55C8A7CE-702C-4E5D-A74F-C167441F767B}.Release|x86.ActiveCfg = Release|Win32
		{55C8A7CE-702C-4E5D-A74F-C167441F767B}.Release|x86.Build.0 = Release|Win32
	EndGlobalSection
	GlobalSection(SolutionProperties) = preSolution
		HideSolutionNode = FALSE
	EndGlobalSection
	GlobalSection(ExtensibilityGlobals) = postSolution
		SolutionGuid = {FC0D1C2E-34FD-4C7B-9A52-8DDAFF670AC9}
	EndGlobalSection
EndGlobal
