
Microsoft Visual Studio Solution File, Format Version 12.00
# Visual Studio Version 17
VisualStudioVersion = 17.0.32126.317
MinimumVisualStudioVersion = 10.0.40219.1
Project("{8BC9CEB8-8B4A-11D0-8D11-00A0C91BC942}") = "Упражнение_3", "Упражнение_3.vcxproj", "{A79A34A5-56C2-4F9E-9CAF-35EA227EAA1E}"
EndProject
Global
	GlobalSection(SolutionConfigurationPlatforms) = preSolution
		Debug|x64 = Debug|x64
		Debug|x86 = Debug|x86
		Release|x64 = Release|x64
		Release|x86 = Release|x86
	EndGlobalSection
	GlobalSection(ProjectConfigurationPlatforms) = postSolution
		{A79A34A5-56C2-4F9E-9CAF-35EA227EAA1E}.Debug|x64.ActiveCfg = Debug|x64
		{A79A34A5-56C2-4F9E-9CAF-35EA227EAA1E}.Debug|x64.Build.0 = Debug|x64
		{A79A34A5-56C2-4F9E-9CAF-35EA227EAA1E}.Debug|x86.ActiveCfg = Debug|Win32
		{A79A34A5-56C2-4F9E-9CAF-35EA227EAA1E}.Debug|x86.Build.0 = Debug|Win32
		{A79A34A5-56C2-4F9E-9CAF-35EA227EAA1E}.Release|x64.ActiveCfg = Release|x64
		{A79A34A5-56C2-4F9E-9CAF-35EA227EAA1E}.Release|x64.Build.0 = Release|x64
		{A79A34A5-56C2-4F9E-9CAF-35EA227EAA1E}.Release|x86.ActiveCfg = Release|Win32
		{A79A34A5-56C2-4F9E-9CAF-35EA227EAA1E}.Release|x86.Build.0 = Release|Win32
	EndGlobalSection
	GlobalSection(SolutionProperties) = preSolution
		HideSolutionNode = FALSE
	EndGlobalSection
	GlobalSection(ExtensibilityGlobals) = postSolution
		SolutionGuid = {7BDB0616-8F59-4833-B427-C8A3D2340671}
	EndGlobalSection
EndGlobal
